// !$*UTF8*$!
{
	archiveVersion = 1;
	classes = {
	};
	objectVersion = 46;
	objects = {

/* Begin PBXBuildFile section */
		CE8360611A81101600AB230F /* AppDelegate.swift in Sources */ = {isa = PBXBuildFile; fileRef = CE8360601A81101600AB230F /* AppDelegate.swift */; };
		CE8360631A81101600AB230F /* LoginViewController.swift in Sources */ = {isa = PBXBuildFile; fileRef = CE8360621A81101600AB230F /* LoginViewController.swift */; };
		CE8360661A81101600AB230F /* Main.storyboard in Resources */ = {isa = PBXBuildFile; fileRef = CE8360641A81101600AB230F /* Main.storyboard */; };
		CE8360681A81101600AB230F /* Images.xcassets in Resources */ = {isa = PBXBuildFile; fileRef = CE8360671A81101600AB230F /* Images.xcassets */; };
		CE83606B1A81101600AB230F /* LaunchScreen.xib in Resources */ = {isa = PBXBuildFile; fileRef = CE8360691A81101600AB230F /* LaunchScreen.xib */; };
		CE8360771A81101600AB230F /* Sit_FitTests.swift in Sources */ = {isa = PBXBuildFile; fileRef = CE8360761A81101600AB230F /* Sit_FitTests.swift */; };
		CE8360841A81171600AB230F /* NewSeat.Storyboard in Resources */ = {isa = PBXBuildFile; fileRef = CE8360821A81171600AB230F /* NewSeat.Storyboard */; };
		CE8360881A81310900AB230F /* FeedTableViewController.swift in Sources */ = {isa = PBXBuildFile; fileRef = CE8360871A81310900AB230F /* FeedTableViewController.swift */; };
		CE83608A1A81314700AB230F /* MyFeedViewController.swift in Sources */ = {isa = PBXBuildFile; fileRef = CE8360891A81314700AB230F /* MyFeedViewController.swift */; };
		CE83608C1A8151F600AB230F /* NewSeatViewController.swift in Sources */ = {isa = PBXBuildFile; fileRef = CE83608B1A8151F600AB230F /* NewSeatViewController.swift */; };
		CE8360941A8154A800AB230F /* Parse.framework in Frameworks */ = {isa = PBXBuildFile; fileRef = CE83608F1A8154A800AB230F /* Parse.framework */; };
		CE8360951A8154A800AB230F /* ParseCrashReporting.framework in Frameworks */ = {isa = PBXBuildFile; fileRef = CE8360901A8154A800AB230F /* ParseCrashReporting.framework */; };
		CE8360961A8154A800AB230F /* ParseFacebookUtils.framework in Frameworks */ = {isa = PBXBuildFile; fileRef = CE8360911A8154A800AB230F /* ParseFacebookUtils.framework */; };
		CE8360971A8154A800AB230F /* ParseUI.framework in Frameworks */ = {isa = PBXBuildFile; fileRef = CE8360921A8154A800AB230F /* ParseUI.framework */; };
		CE83609C1A81571800AB230F /* AudioToolbox.framework in Frameworks */ = {isa = PBXBuildFile; fileRef = CE83609B1A81571800AB230F /* AudioToolbox.framework */; };
		CE8360A01A81576400AB230F /* SystemConfiguration.framework in Frameworks */ = {isa = PBXBuildFile; fileRef = CE83609F1A81576400AB230F /* SystemConfiguration.framework */; };
		CE8360A21A81577500AB230F /* libsqlite3.dylib in Frameworks */ = {isa = PBXBuildFile; fileRef = CE8360A11A81577500AB230F /* libsqlite3.dylib */; };
		CE8360A51A815B7400AB230F /* FeedData.swift in Sources */ = {isa = PBXBuildFile; fileRef = CE8360A41A815B7400AB230F /* FeedData.swift */; };
		CE8360A71A815F3900AB230F /* MobileCoreServices.framework in Frameworks */ = {isa = PBXBuildFile; fileRef = CE8360A61A815F3900AB230F /* MobileCoreServices.framework */; };
		CEE2F1681A82608A00E6626F /* Bolts.framework in Frameworks */ = {isa = PBXBuildFile; fileRef = CE83608E1A8154A800AB230F /* Bolts.framework */; };
/* End PBXBuildFile section */

/* Begin PBXContainerItemProxy section */
		CE8360711A81101600AB230F /* PBXContainerItemProxy */ = {
			isa = PBXContainerItemProxy;
			containerPortal = CE8360531A81101600AB230F /* Project object */;
			proxyType = 1;
			remoteGlobalIDString = CE83605A1A81101600AB230F;
			remoteInfo = "Sit Fit";
		};
/* End PBXContainerItemProxy section */

/* Begin PBXFileReference section */
		CE83605B1A81101600AB230F /* Sit Fit.app */ = {isa = PBXFileReference; explicitFileType = wrapper.application; includeInIndex = 0; path = "Sit Fit.app"; sourceTree = BUILT_PRODUCTS_DIR; };
		CE83605F1A81101600AB230F /* Info.plist */ = {isa = PBXFileReference; lastKnownFileType = text.plist.xml; path = Info.plist; sourceTree = "<group>"; };
		CE8360601A81101600AB230F /* AppDelegate.swift */ = {isa = PBXFileReference; lastKnownFileType = sourcecode.swift; path = AppDelegate.swift; sourceTree = "<group>"; };
		CE8360621A81101600AB230F /* LoginViewController.swift */ = {isa = PBXFileReference; lastKnownFileType = sourcecode.swift; path = LoginViewController.swift; sourceTree = "<group>"; };
		CE8360651A81101600AB230F /* Base */ = {isa = PBXFileReference; lastKnownFileType = file.storyboard; name = Base; path = Base.lproj/Main.storyboard; sourceTree = "<group>"; };
		CE8360671A81101600AB230F /* Images.xcassets */ = {isa = PBXFileReference; lastKnownFileType = folder.assetcatalog; path = Images.xcassets; sourceTree = "<group>"; };
		CE83606A1A81101600AB230F /* Base */ = {isa = PBXFileReference; lastKnownFileType = file.xib; name = Base; path = Base.lproj/LaunchScreen.xib; sourceTree = "<group>"; };
		CE8360701A81101600AB230F /* Sit FitTests.xctest */ = {isa = PBXFileReference; explicitFileType = wrapper.cfbundle; includeInIndex = 0; path = "Sit FitTests.xctest"; sourceTree = BUILT_PRODUCTS_DIR; };
		CE8360751A81101600AB230F /* Info.plist */ = {isa = PBXFileReference; lastKnownFileType = text.plist.xml; path = Info.plist; sourceTree = "<group>"; };
		CE8360761A81101600AB230F /* Sit_FitTests.swift */ = {isa = PBXFileReference; lastKnownFileType = sourcecode.swift; path = Sit_FitTests.swift; sourceTree = "<group>"; };
		CE8360801A81116D00AB230F /* architecture.md */ = {isa = PBXFileReference; fileEncoding = 4; lastKnownFileType = net.daringfireball.markdown; path = architecture.md; sourceTree = "<group>"; };
		CE8360831A81171600AB230F /* Base */ = {isa = PBXFileReference; lastKnownFileType = file.storyboard; name = Base; path = Base.lproj/NewSeat.Storyboard; sourceTree = "<group>"; };
		CE8360871A81310900AB230F /* FeedTableViewController.swift */ = {isa = PBXFileReference; fileEncoding = 4; lastKnownFileType = sourcecode.swift; path = FeedTableViewController.swift; sourceTree = "<group>"; };
		CE8360891A81314700AB230F /* MyFeedViewController.swift */ = {isa = PBXFileReference; fileEncoding = 4; lastKnownFileType = sourcecode.swift; path = MyFeedViewController.swift; sourceTree = "<group>"; };
		CE83608B1A8151F600AB230F /* NewSeatViewController.swift */ = {isa = PBXFileReference; fileEncoding = 4; lastKnownFileType = sourcecode.swift; path = NewSeatViewController.swift; sourceTree = "<group>"; };
		CE83608E1A8154A800AB230F /* Bolts.framework */ = {isa = PBXFileReference; lastKnownFileType = wrapper.framework; path = Bolts.framework; sourceTree = "<group>"; };
		CE83608F1A8154A800AB230F /* Parse.framework */ = {isa = PBXFileReference; lastKnownFileType = wrapper.framework; path = Parse.framework; sourceTree = "<group>"; };
		CE8360901A8154A800AB230F /* ParseCrashReporting.framework */ = {isa = PBXFileReference; lastKnownFileType = wrapper.framework; path = ParseCrashReporting.framework; sourceTree = "<group>"; };
		CE8360911A8154A800AB230F /* ParseFacebookUtils.framework */ = {isa = PBXFileReference; lastKnownFileType = wrapper.framework; path = ParseFacebookUtils.framework; sourceTree = "<group>"; };
		CE8360921A8154A800AB230F /* ParseUI.framework */ = {isa = PBXFileReference; lastKnownFileType = wrapper.framework; path = ParseUI.framework; sourceTree = "<group>"; };
		CE8360981A8154FF00AB230F /* Sit Fit-Bridging-Header.h */ = {isa = PBXFileReference; lastKnownFileType = sourcecode.c.h; path = "Sit Fit-Bridging-Header.h"; sourceTree = "<group>"; };
		CE83609B1A81571800AB230F /* AudioToolbox.framework */ = {isa = PBXFileReference; lastKnownFileType = wrapper.framework; name = AudioToolbox.framework; path = System/Library/Frameworks/AudioToolbox.framework; sourceTree = SDKROOT; };
		CE83609D1A81572D00AB230F /* CFNetwork.framework */ = {isa = PBXFileReference; lastKnownFileType = wrapper.framework; name = CFNetwork.framework; path = System/Library/Frameworks/CFNetwork.framework; sourceTree = SDKROOT; };
		CE83609F1A81576400AB230F /* SystemConfiguration.framework */ = {isa = PBXFileReference; lastKnownFileType = wrapper.framework; name = SystemConfiguration.framework; path = System/Library/Frameworks/SystemConfiguration.framework; sourceTree = SDKROOT; };
		CE8360A11A81577500AB230F /* libsqlite3.dylib */ = {isa = PBXFileReference; lastKnownFileType = "compiled.mach-o.dylib"; name = libsqlite3.dylib; path = usr/lib/libsqlite3.dylib; sourceTree = SDKROOT; };
		CE8360A41A815B7400AB230F /* FeedData.swift */ = {isa = PBXFileReference; fileEncoding = 4; lastKnownFileType = sourcecode.swift; path = FeedData.swift; sourceTree = "<group>"; };
		CE8360A61A815F3900AB230F /* MobileCoreServices.framework */ = {isa = PBXFileReference; lastKnownFileType = wrapper.framework; name = MobileCoreServices.framework; path = System/Library/Frameworks/MobileCoreServices.framework; sourceTree = SDKROOT; };
/* End PBXFileReference section */

/* Begin PBXFrameworksBuildPhase section */
		CE8360581A81101600AB230F /* Frameworks */ = {
			isa = PBXFrameworksBuildPhase;
			buildActionMask = 2147483647;
			files = (
				CE8360A71A815F3900AB230F /* MobileCoreServices.framework in Frameworks */,
				CE8360A21A81577500AB230F /* libsqlite3.dylib in Frameworks */,
				CE8360A01A81576400AB230F /* SystemConfiguration.framework in Frameworks */,
				CE83609C1A81571800AB230F /* AudioToolbox.framework in Frameworks */,
				CE8360941A8154A800AB230F /* Parse.framework in Frameworks */,
				CE8360951A8154A800AB230F /* ParseCrashReporting.framework in Frameworks */,
				CEE2F1681A82608A00E6626F /* Bolts.framework in Frameworks */,
				CE8360971A8154A800AB230F /* ParseUI.framework in Frameworks */,
				CE8360961A8154A800AB230F /* ParseFacebookUtils.framework in Frameworks */,
			);
			runOnlyForDeploymentPostprocessing = 0;
		};
		CE83606D1A81101600AB230F /* Frameworks */ = {
			isa = PBXFrameworksBuildPhase;
			buildActionMask = 2147483647;
			files = (
			);
			runOnlyForDeploymentPostprocessing = 0;
		};
/* End PBXFrameworksBuildPhase section */

/* Begin PBXGroup section */
		CE8360521A81101600AB230F = {
			isa = PBXGroup;
			children = (
				CE83605D1A81101600AB230F /* Sit Fit */,
				CE8360731A81101600AB230F /* Sit FitTests */,
				CE83605C1A81101600AB230F /* Products */,
				CE83608D1A81542F00AB230F /* Frameworks */,
			);
			sourceTree = "<group>";
		};
		CE83605C1A81101600AB230F /* Products */ = {
			isa = PBXGroup;
			children = (
				CE83605B1A81101600AB230F /* Sit Fit.app */,
				CE8360701A81101600AB230F /* Sit FitTests.xctest */,
			);
			name = Products;
			sourceTree = "<group>";
		};
		CE83605D1A81101600AB230F /* Sit Fit */ = {
			isa = PBXGroup;
			children = (
				CE8360A31A815B1D00AB230F /* Models */,
				CE8360851A81306200AB230F /* Main Feeds and Login */,
				CE83605E1A81101600AB230F /* Supporting Files */,
				CE8360801A81116D00AB230F /* architecture.md */,
				CE8360981A8154FF00AB230F /* Sit Fit-Bridging-Header.h */,
			);
			path = "Sit Fit";
			sourceTree = "<group>";
		};
		CE83605E1A81101600AB230F /* Supporting Files */ = {
			isa = PBXGroup;
			children = (
				CE8360601A81101600AB230F /* AppDelegate.swift */,
				CE8360671A81101600AB230F /* Images.xcassets */,
				CE8360691A81101600AB230F /* LaunchScreen.xib */,
				CE83605F1A81101600AB230F /* Info.plist */,
			);
			name = "Supporting Files";
			sourceTree = "<group>";
		};
		CE8360731A81101600AB230F /* Sit FitTests */ = {
			isa = PBXGroup;
			children = (
				CE8360761A81101600AB230F /* Sit_FitTests.swift */,
				CE8360741A81101600AB230F /* Supporting Files */,
			);
			path = "Sit FitTests";
			sourceTree = "<group>";
		};
		CE8360741A81101600AB230F /* Supporting Files */ = {
			isa = PBXGroup;
			children = (
				CE8360751A81101600AB230F /* Info.plist */,
			);
			name = "Supporting Files";
			sourceTree = "<group>";
		};
		CE8360851A81306200AB230F /* Main Feeds and Login */ = {
			isa = PBXGroup;
			children = (
				CE8360621A81101600AB230F /* LoginViewController.swift */,
				CE8360641A81101600AB230F /* Main.storyboard */,
				CE8360871A81310900AB230F /* FeedTableViewController.swift */,
				CE8360891A81314700AB230F /* MyFeedViewController.swift */,
				CE8360861A81308900AB230F /* New Seat */,
			);
			name = "Main Feeds and Login";
			sourceTree = "<group>";
		};
		CE8360861A81308900AB230F /* New Seat */ = {
			isa = PBXGroup;
			children = (
				CE8360821A81171600AB230F /* NewSeat.Storyboard */,
				CE83608B1A8151F600AB230F /* NewSeatViewController.swift */,
			);
			name = "New Seat";
			sourceTree = "<group>";
		};
		CE83608D1A81542F00AB230F /* Frameworks */ = {
			isa = PBXGroup;
			children = (
				CE8360A61A815F3900AB230F /* MobileCoreServices.framework */,
				CE8360A11A81577500AB230F /* libsqlite3.dylib */,
				CE83609F1A81576400AB230F /* SystemConfiguration.framework */,
				CE83609D1A81572D00AB230F /* CFNetwork.framework */,
				CE83609B1A81571800AB230F /* AudioToolbox.framework */,
				CE83608E1A8154A800AB230F /* Bolts.framework */,
				CE83608F1A8154A800AB230F /* Parse.framework */,
				CE8360901A8154A800AB230F /* ParseCrashReporting.framework */,
				CE8360911A8154A800AB230F /* ParseFacebookUtils.framework */,
				CE8360921A8154A800AB230F /* ParseUI.framework */,
			);
			name = Frameworks;
			path = "Sit Fit";
			sourceTree = "<group>";
		};
		CE8360A31A815B1D00AB230F /* Models */ = {
			isa = PBXGroup;
			children = (
				CE8360A41A815B7400AB230F /* FeedData.swift */,
			);
			name = Models;
			sourceTree = "<group>";
		};
/* End PBXGroup section */

/* Begin PBXNativeTarget section */
		CE83605A1A81101600AB230F /* Sit Fit */ = {
			isa = PBXNativeTarget;
			buildConfigurationList = CE83607A1A81101600AB230F /* Build configuration list for PBXNativeTarget "Sit Fit" */;
			buildPhases = (
				CE8360571A81101600AB230F /* Sources */,
				CE8360581A81101600AB230F /* Frameworks */,
				CE8360591A81101600AB230F /* Resources */,
			);
			buildRules = (
			);
			dependencies = (
			);
			name = "Sit Fit";
			productName = "Sit Fit";
			productReference = CE83605B1A81101600AB230F /* Sit Fit.app */;
			productType = "com.apple.product-type.application";
		};
		CE83606F1A81101600AB230F /* Sit FitTests */ = {
			isa = PBXNativeTarget;
			buildConfigurationList = CE83607D1A81101600AB230F /* Build configuration list for PBXNativeTarget "Sit FitTests" */;
			buildPhases = (
				CE83606C1A81101600AB230F /* Sources */,
				CE83606D1A81101600AB230F /* Frameworks */,
				CE83606E1A81101600AB230F /* Resources */,
			);
			buildRules = (
			);
			dependencies = (
				CE8360721A81101600AB230F /* PBXTargetDependency */,
			);
			name = "Sit FitTests";
			productName = "Sit FitTests";
			productReference = CE8360701A81101600AB230F /* Sit FitTests.xctest */;
			productType = "com.apple.product-type.bundle.unit-test";
		};
/* End PBXNativeTarget section */

/* Begin PBXProject section */
		CE8360531A81101600AB230F /* Project object */ = {
			isa = PBXProject;
			attributes = {
				LastUpgradeCheck = 0610;
				ORGANIZATIONNAME = "Greg Pachman";
				TargetAttributes = {
					CE83605A1A81101600AB230F = {
						CreatedOnToolsVersion = 6.1.1;
					};
					CE83606F1A81101600AB230F = {
						CreatedOnToolsVersion = 6.1.1;
						TestTargetID = CE83605A1A81101600AB230F;
					};
				};
			};
			buildConfigurationList = CE8360561A81101600AB230F /* Build configuration list for PBXProject "Sit Fit" */;
			compatibilityVersion = "Xcode 3.2";
			developmentRegion = English;
			hasScannedForEncodings = 0;
			knownRegions = (
				en,
				Base,
			);
			mainGroup = CE8360521A81101600AB230F;
			productRefGroup = CE83605C1A81101600AB230F /* Products */;
			projectDirPath = "";
			projectRoot = "";
			targets = (
				CE83605A1A81101600AB230F /* Sit Fit */,
				CE83606F1A81101600AB230F /* Sit FitTests */,
			);
		};
/* End PBXProject section */

/* Begin PBXResourcesBuildPhase section */
		CE8360591A81101600AB230F /* Resources */ = {
			isa = PBXResourcesBuildPhase;
			buildActionMask = 2147483647;
			files = (
				CE8360841A81171600AB230F /* NewSeat.Storyboard in Resources */,
				CE8360661A81101600AB230F /* Main.storyboard in Resources */,
				CE83606B1A81101600AB230F /* LaunchScreen.xib in Resources */,
				CE8360681A81101600AB230F /* Images.xcassets in Resources */,
			);
			runOnlyForDeploymentPostprocessing = 0;
		};
		CE83606E1A81101600AB230F /* Resources */ = {
			isa = PBXResourcesBuildPhase;
			buildActionMask = 2147483647;
			files = (
			);
			runOnlyForDeploymentPostprocessing = 0;
		};
/* End PBXResourcesBuildPhase section */

/* Begin PBXSourcesBuildPhase section */
		CE8360571A81101600AB230F /* Sources */ = {
			isa = PBXSourcesBuildPhase;
			buildActionMask = 2147483647;
			files = (
				CE8360631A81101600AB230F /* LoginViewController.swift in Sources */,
				CE83608A1A81314700AB230F /* MyFeedViewController.swift in Sources */,
				CE8360611A81101600AB230F /* AppDelegate.swift in Sources */,
				CE8360A51A815B7400AB230F /* FeedData.swift in Sources */,
				CE83608C1A8151F600AB230F /* NewSeatViewController.swift in Sources */,
				CE8360881A81310900AB230F /* FeedTableViewController.swift in Sources */,
			);
			runOnlyForDeploymentPostprocessing = 0;
		};
		CE83606C1A81101600AB230F /* Sources */ = {
			isa = PBXSourcesBuildPhase;
			buildActionMask = 2147483647;
			files = (
				CE8360771A81101600AB230F /* Sit_FitTests.swift in Sources */,
			);
			runOnlyForDeploymentPostprocessing = 0;
		};
/* End PBXSourcesBuildPhase section */

/* Begin PBXTargetDependency section */
		CE8360721A81101600AB230F /* PBXTargetDependency */ = {
			isa = PBXTargetDependency;
			target = CE83605A1A81101600AB230F /* Sit Fit */;
			targetProxy = CE8360711A81101600AB230F /* PBXContainerItemProxy */;
		};
/* End PBXTargetDependency section */

/* Begin PBXVariantGroup section */
		CE8360641A81101600AB230F /* Main.storyboard */ = {
			isa = PBXVariantGroup;
			children = (
				CE8360651A81101600AB230F /* Base */,
			);
			name = Main.storyboard;
			sourceTree = "<group>";
		};
		CE8360691A81101600AB230F /* LaunchScreen.xib */ = {
			isa = PBXVariantGroup;
			children = (
				CE83606A1A81101600AB230F /* Base */,
			);
			name = LaunchScreen.xib;
			sourceTree = "<group>";
		};
		CE8360821A81171600AB230F /* NewSeat.Storyboard */ = {
			isa = PBXVariantGroup;
			children = (
				CE8360831A81171600AB230F /* Base */,
			);
			name = NewSeat.Storyboard;
			sourceTree = "<group>";
		};
/* End PBXVariantGroup section */

/* Begin XCBuildConfiguration section */
		CE8360781A81101600AB230F /* Debug */ = {
			isa = XCBuildConfiguration;
			buildSettings = {
				ALWAYS_SEARCH_USER_PATHS = NO;
				CLANG_CXX_LANGUAGE_STANDARD = "gnu++0x";
				CLANG_CXX_LIBRARY = "libc++";
				CLANG_ENABLE_MODULES = YES;
				CLANG_ENABLE_OBJC_ARC = YES;
				CLANG_WARN_BOOL_CONVERSION = YES;
				CLANG_WARN_CONSTANT_CONVERSION = YES;
				CLANG_WARN_DIRECT_OBJC_ISA_USAGE = YES_ERROR;
				CLANG_WARN_EMPTY_BODY = YES;
				CLANG_WARN_ENUM_CONVERSION = YES;
				CLANG_WARN_INT_CONVERSION = YES;
				CLANG_WARN_OBJC_ROOT_CLASS = YES_ERROR;
				CLANG_WARN_UNREACHABLE_CODE = YES;
				CLANG_WARN__DUPLICATE_METHOD_MATCH = YES;
				"CODE_SIGN_IDENTITY[sdk=iphoneos*]" = "iPhone Developer";
				COPY_PHASE_STRIP = NO;
				ENABLE_STRICT_OBJC_MSGSEND = YES;
				GCC_C_LANGUAGE_STANDARD = gnu99;
				GCC_DYNAMIC_NO_PIC = NO;
				GCC_OPTIMIZATION_LEVEL = 0;
				GCC_PREPROCESSOR_DEFINITIONS = (
					"DEBUG=1",
					"$(inherited)",
				);
				GCC_SYMBOLS_PRIVATE_EXTERN = NO;
				GCC_WARN_64_TO_32_BIT_CONVERSION = YES;
				GCC_WARN_ABOUT_RETURN_TYPE = YES_ERROR;
				GCC_WARN_UNDECLARED_SELECTOR = YES;
				GCC_WARN_UNINITIALIZED_AUTOS = YES_AGGRESSIVE;
				GCC_WARN_UNUSED_FUNCTION = YES;
				GCC_WARN_UNUSED_VARIABLE = YES;
				IPHONEOS_DEPLOYMENT_TARGET = 8.1;
				MTL_ENABLE_DEBUG_INFO = YES;
				ONLY_ACTIVE_ARCH = YES;
				SDKROOT = iphoneos;
				SWIFT_OPTIMIZATION_LEVEL = "-Onone";
			};
			name = Debug;
		};
		CE8360791A81101600AB230F /* Release */ = {
			isa = XCBuildConfiguration;
			buildSettings = {
				ALWAYS_SEARCH_USER_PATHS = NO;
				CLANG_CXX_LANGUAGE_STANDARD = "gnu++0x";
				CLANG_CXX_LIBRARY = "libc++";
				CLANG_ENABLE_MODULES = YES;
				CLANG_ENABLE_OBJC_ARC = YES;
				CLANG_WARN_BOOL_CONVERSION = YES;
				CLANG_WARN_CONSTANT_CONVERSION = YES;
				CLANG_WARN_DIRECT_OBJC_ISA_USAGE = YES_ERROR;
				CLANG_WARN_EMPTY_BODY = YES;
				CLANG_WARN_ENUM_CONVERSION = YES;
				CLANG_WARN_INT_CONVERSION = YES;
				CLANG_WARN_OBJC_ROOT_CLASS = YES_ERROR;
				CLANG_WARN_UNREACHABLE_CODE = YES;
				CLANG_WARN__DUPLICATE_METHOD_MATCH = YES;
				"CODE_SIGN_IDENTITY[sdk=iphoneos*]" = "iPhone Developer";
				COPY_PHASE_STRIP = YES;
				ENABLE_NS_ASSERTIONS = NO;
				ENABLE_STRICT_OBJC_MSGSEND = YES;
				GCC_C_LANGUAGE_STANDARD = gnu99;
				GCC_WARN_64_TO_32_BIT_CONVERSION = YES;
				GCC_WARN_ABOUT_RETURN_TYPE = YES_ERROR;
				GCC_WARN_UNDECLARED_SELECTOR = YES;
				GCC_WARN_UNINITIALIZED_AUTOS = YES_AGGRESSIVE;
				GCC_WARN_UNUSED_FUNCTION = YES;
				GCC_WARN_UNUSED_VARIABLE = YES;
				IPHONEOS_DEPLOYMENT_TARGET = 8.1;
				MTL_ENABLE_DEBUG_INFO = NO;
				SDKROOT = iphoneos;
				VALIDATE_PRODUCT = YES;
			};
			name = Release;
		};
		CE83607B1A81101600AB230F /* Debug */ = {
			isa = XCBuildConfiguration;
			buildSettings = {
				ASSETCATALOG_COMPILER_APPICON_NAME = AppIcon;
				CLANG_ENABLE_MODULES = YES;
				FRAMEWORK_SEARCH_PATHS = (
					"$(inherited)",
					"$(PROJECT_DIR)/Sit",
					Fit,
					"$(PROJECT_DIR)/Sit",
					Fit,
				);
				INFOPLIST_FILE = "Sit Fit/Info.plist";
				LD_RUNPATH_SEARCH_PATHS = "$(inherited) @executable_path/Frameworks";
				PRODUCT_NAME = "$(TARGET_NAME)";
				SWIFT_OBJC_BRIDGING_HEADER = "Sit Fit/Sit Fit-Bridging-Header.h";
				SWIFT_OPTIMIZATION_LEVEL = "-Onone";
			};
			name = Debug;
		};
		CE83607C1A81101600AB230F /* Release */ = {
			isa = XCBuildConfiguration;
			buildSettings = {
				ASSETCATALOG_COMPILER_APPICON_NAME = AppIcon;
				CLANG_ENABLE_MODULES = YES;
				FRAMEWORK_SEARCH_PATHS = (
					"$(inherited)",
					"$(PROJECT_DIR)/Sit",
					Fit,
					"$(PROJECT_DIR)/Sit",
					Fit,
				);
				INFOPLIST_FILE = "Sit Fit/Info.plist";
				LD_RUNPATH_SEARCH_PATHS = "$(inherited) @executable_path/Frameworks";
				PRODUCT_NAME = "$(TARGET_NAME)";
				SWIFT_OBJC_BRIDGING_HEADER = "Sit Fit/Sit Fit-Bridging-Header.h";
			};
			name = Release;
		};
		CE83607E1A81101600AB230F /* Debug */ = {
			isa = XCBuildConfiguration;
			buildSettings = {
				BUNDLE_LOADER = "$(TEST_HOST)";
				FRAMEWORK_SEARCH_PATHS = (
					"$(SDKROOT)/Developer/Library/Frameworks",
					"$(inherited)",
				);
				GCC_PREPROCESSOR_DEFINITIONS = (
					"DEBUG=1",
					"$(inherited)",
				);
				INFOPLIST_FILE = "Sit FitTests/Info.plist";
				LD_RUNPATH_SEARCH_PATHS = "$(inherited) @executable_path/Frameworks @loader_path/Frameworks";
				PRODUCT_NAME = "$(TARGET_NAME)";
				TEST_HOST = "$(BUILT_PRODUCTS_DIR)/Sit Fit.app/Sit Fit";
			};
			name = Debug;
		};
		CE83607F1A81101600AB230F /* Release */ = {
			isa = XCBuildConfiguration;
			buildSettings = {
				BUNDLE_LOADER = "$(TEST_HOST)";
				FRAMEWORK_SEARCH_PATHS = (
					"$(SDKROOT)/Developer/Library/Frameworks",
					"$(inherited)",
				);
				INFOPLIST_FILE = "Sit FitTests/Info.plist";
				LD_RUNPATH_SEARCH_PATHS = "$(inherited) @executable_path/Frameworks @loader_path/Frameworks";
				PRODUCT_NAME = "$(TARGET_NAME)";
				TEST_HOST = "$(BUILT_PRODUCTS_DIR)/Sit Fit.app/Sit Fit";
			};
			name = Release;
		};
/* End XCBuildConfiguration section */

/* Begin XCConfigurationList section */
		CE8360561A81101600AB230F /* Build configuration list for PBXProject "Sit Fit" */ = {
			isa = XCConfigurationList;
			buildConfigurations = (
				CE8360781A81101600AB230F /* Debug */,
				CE8360791A81101600AB230F /* Release */,
			);
			defaultConfigurationIsVisible = 0;
			defaultConfigurationName = Release;
		};
		CE83607A1A81101600AB230F /* Build configuration list for PBXNativeTarget "Sit Fit" */ = {
			isa = XCConfigurationList;
			buildConfigurations = (
				CE83607B1A81101600AB230F /* Debug */,
				CE83607C1A81101600AB230F /* Release */,
			);
			defaultConfigurationIsVisible = 0;
			defaultConfigurationName = Release;
		};
		CE83607D1A81101600AB230F /* Build configuration list for PBXNativeTarget "Sit FitTests" */ = {
			isa = XCConfigurationList;
			buildConfigurations = (
				CE83607E1A81101600AB230F /* Debug */,
				CE83607F1A81101600AB230F /* Release */,
			);
			defaultConfigurationIsVisible = 0;
			defaultConfigurationName = Release;
		};
/* End XCConfigurationList section */
	};
	rootObject = CE8360531A81101600AB230F /* Project object */;
}
